
Microsoft Visual Studio Solution File, Format Version 12.00
# Visual Studio Version 16
VisualStudioVersion = 16.0.31424.327
MinimumVisualStudioVersion = 10.0.40219.1
Project("{FAE04EC0-301F-11D3-BF4B-00C04F79EFBC}") = "qr", "qr.csproj", "{8CAA22A8-CDD9-47C3-AEE1-48D6FD0F8A87}"
EndProject
Project("{2150E333-8FDC-42A3-9474-1A3956D46DE8}") = "Solution Items", "Solution Items", "{5DB09735-06E3-45E3-B3F3-60DD3E389202}"
	ProjectSection(SolutionItems) = preProject
		MessagingToolkit.QRCode.dll = MessagingToolkit.QRCode.dll
	EndProjectSection
EndProject
Global
	GlobalSection(SolutionConfigurationPlatforms) = preSolution
		Debug|Any CPU = Debug|Any CPU
		Release|Any CPU = Release|Any CPU
	EndGlobalSection
	GlobalSection(ProjectConfigurationPlatforms) = postSolution
		{8CAA22A8-CDD9-47C3-AEE1-48D6FD0F8A87}.Debug|Any CPU.ActiveCfg = Debug|Any CPU
		{8CAA22A8-CDD9-47C3-AEE1-48D6FD0F8A87}.Debug|Any CPU.Build.0 = Debug|Any CPU
		{8CAA22A8-CDD9-47C3-AEE1-48D6FD0F8A87}.Release|Any CPU.ActiveCfg = Release|Any CPU
		{8CAA22A8-CDD9-47C3-AEE1-48D6FD0F8A87}.Release|Any CPU.Build.0 = Release|Any CPU
	EndGlobalSection
	GlobalSection(SolutionProperties) = preSolution
		HideSolutionNode = FALSE
	EndGlobalSection
	GlobalSection(ExtensibilityGlobals) = postSolution
		SolutionGuid = {08637FA4-3B36-4590-BDB3-75AD2E4CD185}
	EndGlobalSection
EndGlobal
